{
    "requires": true,
    "lockfileVersion": 1,
    "dependencies": {
        "jquery": {
            "version": "3.5.1",
            "resolved": "https://registry.npmjs.org/jquery/-/jquery-3.5.1.tgz",
            "integrity": "sha512-XwIBPqcMn57FxfT+Go5pzySnm4KWkT1Tv7gjrpT1srtf8Weynl6R273VJ5GjkRb51IzMp5nbaPjJXMWeju2MKg=="
        },
        "smartwizard": {
            "version": "4.4.1",
            "resolved": "https://registry.npmjs.org/smartwizard/-/smartwizard-4.4.1.tgz",
            "integrity": "sha512-tSvrRi+QA3Tha26wwhLUZF/rgyyebzg9nndlG45i66JeI+q0CmpP97W9X6+re6tApB9YSPH3wREf40gt06xPqQ=="
        }
    }
}
